
Microsoft Visual Studio Solution File, Format Version 12.00
# Visual Studio Version 16
VisualStudioVersion = 16.0.31205.134
MinimumVisualStudioVersion = 10.0.40219.1
Project("{FAE04EC0-301F-11D3-BF4B-00C04F79EFBC}") = "Linq", "Linq\Linq.csproj", "{E1AEAC0E-A4F1-4AB6-AA19-48D3769A5616}"
EndProject
Global
	GlobalSection(SolutionConfigurationPlatforms) = preSolution
		Debug|Any CPU = Debug|Any CPU
		Release|Any CPU = Release|Any CPU
	EndGlobalSection
	GlobalSection(ProjectConfigurationPlatforms) = postSolution
		{E1AEAC0E-A4F1-4AB6-AA19-48D3769A5616}.Debug|Any CPU.ActiveCfg = Debug|Any CPU
		{E1AEAC0E-A4F1-4AB6-AA19-48D3769A5616}.Debug|Any CPU.Build.0 = Debug|Any CPU
		{E1AEAC0E-A4F1-4AB6-AA19-48D3769A5616}.Release|Any CPU.ActiveCfg = Release|Any CPU
		{E1AEAC0E-A4F1-4AB6-AA19-48D3769A5616}.Release|Any CPU.Build.0 = Release|Any CPU
	EndGlobalSection
	GlobalSection(SolutionProperties) = preSolution
		HideSolutionNode = FALSE
	EndGlobalSection
	GlobalSection(ExtensibilityGlobals) = postSolution
		SolutionGuid = {C695C04A-9C2C-4413-B18E-7B2B3B36CEBE}
	EndGlobalSection
EndGlobal
